
Microsoft Visual Studio Solution File, Format Version 12.00
# Visual Studio Version 17
VisualStudioVersion = 17.3.32825.248
MinimumVisualStudioVersion = 10.0.40219.1
Project("{FAE04EC0-301F-11D3-BF4B-00C04F79EFBC}") = "KuraÇekme", "KuraÇekme\KuraÇekme.csproj", "{714EB42F-96C3-4BE0-A41E-ACAD8CA04894}"
EndProject
Global
	GlobalSection(SolutionConfigurationPlatforms) = preSolution
		Debug|Any CPU = Debug|Any CPU
		Release|Any CPU = Release|Any CPU
	EndGlobalSection
	GlobalSection(ProjectConfigurationPlatforms) = postSolution
		{714EB42F-96C3-4BE0-A41E-ACAD8CA04894}.Debug|Any CPU.ActiveCfg = Debug|Any CPU
		{714EB42F-96C3-4BE0-A41E-ACAD8CA04894}.Debug|Any CPU.Build.0 = Debug|Any CPU
		{714EB42F-96C3-4BE0-A41E-ACAD8CA04894}.Release|Any CPU.ActiveCfg = Release|Any CPU
		{714EB42F-96C3-4BE0-A41E-ACAD8CA04894}.Release|Any CPU.Build.0 = Release|Any CPU
	EndGlobalSection
	GlobalSection(SolutionProperties) = preSolution
		HideSolutionNode = FALSE
	EndGlobalSection
	GlobalSection(ExtensibilityGlobals) = postSolution
		SolutionGuid = {DC089C15-D2DA-4EBF-A3CE-54CB7BC8480A}
	EndGlobalSection
EndGlobal
